
Microsoft Visual Studio Solution File, Format Version 12.00
# Visual Studio Version 17
VisualStudioVersion = 17.12.35527.113
MinimumVisualStudioVersion = 10.0.40219.1
Project("{FAE04EC0-301F-11D3-BF4B-00C04F79EFBC}") = "WebbApp-Alpha", "WebbApp-Alpha\WebbApp-Alpha.csproj", "{89DAE2A7-8C25-4F15-864F-E6FB27E24955}"
EndProject
Project("{FAE04EC0-301F-11D3-BF4B-00C04F79EFBC}") = "Business", "Business\Business.csproj", "{38B2076A-7019-441E-B97D-D01420E6ED52}"
EndProject
Project("{FAE04EC0-301F-11D3-BF4B-00C04F79EFBC}") = "Data", "Data\Data.csproj", "{B3007060-D395-45E2-8B63-3F94BD930827}"
EndProject
Project("{FAE04EC0-301F-11D3-BF4B-00C04F79EFBC}") = "Domain", "Domain\Domain.csproj", "{0847F61E-C8D7-42CF-BECD-C9533957E092}"
EndProject
Global
	GlobalSection(SolutionConfigurationPlatforms) = preSolution
		Debug|Any CPU = Debug|Any CPU
		Release|Any CPU = Release|Any CPU
	EndGlobalSection
	GlobalSection(ProjectConfigurationPlatforms) = postSolution
		{89DAE2A7-8C25-4F15-864F-E6FB27E24955}.Debug|Any CPU.ActiveCfg = Debug|Any CPU
		{89DAE2A7-8C25-4F15-864F-E6FB27E24955}.Debug|Any CPU.Build.0 = Debug|Any CPU
		{89DAE2A7-8C25-4F15-864F-E6FB27E24955}.Release|Any CPU.ActiveCfg = Release|Any CPU
		{89DAE2A7-8C25-4F15-864F-E6FB27E24955}.Release|Any CPU.Build.0 = Release|Any CPU
		{38B2076A-7019-441E-B97D-D01420E6ED52}.Debug|Any CPU.ActiveCfg = Debug|Any CPU
		{38B2076A-7019-441E-B97D-D01420E6ED52}.Debug|Any CPU.Build.0 = Debug|Any CPU
		{38B2076A-7019-441E-B97D-D01420E6ED52}.Release|Any CPU.ActiveCfg = Release|Any CPU
		{38B2076A-7019-441E-B97D-D01420E6ED52}.Release|Any CPU.Build.0 = Release|Any CPU
		{B3007060-D395-45E2-8B63-3F94BD930827}.Debug|Any CPU.ActiveCfg = Debug|Any CPU
		{B3007060-D395-45E2-8B63-3F94BD930827}.Debug|Any CPU.Build.0 = Debug|Any CPU
		{B3007060-D395-45E2-8B63-3F94BD930827}.Release|Any CPU.ActiveCfg = Release|Any CPU
		{B3007060-D395-45E2-8B63-3F94BD930827}.Release|Any CPU.Build.0 = Release|Any CPU
		{0847F61E-C8D7-42CF-BECD-C9533957E092}.Debug|Any CPU.ActiveCfg = Debug|Any CPU
		{0847F61E-C8D7-42CF-BECD-C9533957E092}.Debug|Any CPU.Build.0 = Debug|Any CPU
		{0847F61E-C8D7-42CF-BECD-C9533957E092}.Release|Any CPU.ActiveCfg = Release|Any CPU
		{0847F61E-C8D7-42CF-BECD-C9533957E092}.Release|Any CPU.Build.0 = Release|Any CPU
	EndGlobalSection
	GlobalSection(SolutionProperties) = preSolution
		HideSolutionNode = FALSE
	EndGlobalSection
EndGlobal
